// !$*UTF8*$!
{
	archiveVersion = 1;
	classes = {
	};
	objectVersion = 77;
	objects = {

/* Begin PBXBuildFile section */
		95AE99C32FF3A4F500A784D9 /* project.md in Resources */ = {isa = PBXBuildFile; fileRef = 95AE99C12FF3A4EC00A784D9 /* project.md */; };
/* End PBXBuildFile section */

/* Begin PBXContainerItemProxy section */
		95AE99A52FF3A4E200A784D9 /* PBXContainerItemProxy */ = {
			isa = PBXContainerItemProxy;
			containerPortal = 95AE998F2FF3A4E000A784D9 /* Project object */;
			proxyType = 1;
			remoteGlobalIDString = 95AE99962FF3A4E000A784D9;
			remoteInfo = cursorAI;
		};
		95AE99AF2FF3A4E200A784D9 /* PBXContainerItemProxy */ = {
			isa = PBXContainerItemProxy;
			containerPortal = 95AE998F2FF3A4E000A784D9 /* Project object */;
			proxyType = 1;
			remoteGlobalIDString = 95AE99962FF3A4E000A784D9;
			remoteInfo = cursorAI;
		};
/* End PBXContainerItemProxy section */

/* Begin PBXFileReference section */
		95AE99972FF3A4E000A784D9 /* cursorAI.app */ = {isa = PBXFileReference; explicitFileType = wrapper.application; includeInIndex = 0; name = cursorAI.app; path = "Cursor Assistant.app"; sourceTree = BUILT_PRODUCTS_DIR; };
		95AE99A42FF3A4E200A784D9 /* cursorAITests.xctest */ = {isa = PBXFileReference; explicitFileType = wrapper.cfbundle; includeInIndex = 0; path = cursorAITests.xctest; sourceTree = BUILT_PRODUCTS_DIR; };
		95AE99AE2FF3A4E200A784D9 /* cursorAIUITests.xctest */ = {isa = PBXFileReference; explicitFileType = wrapper.cfbundle; includeInIndex = 0; path = cursorAIUITests.xctest; sourceTree = BUILT_PRODUCTS_DIR; };
		95AE99C12FF3A4EC00A784D9 /* project.md */ = {isa = PBXFileReference; lastKnownFileType = net.daringfireball.markdown; path = project.md; sourceTree = "<group>"; };
/* End PBXFileReference section */

/* Begin PBXFileSystemSynchronizedRootGroup section */
		95AE99992FF3A4E100A784D9 /* cursorAI */ = {
			isa = PBXFileSystemSynchronizedRootGroup;
			path = cursorAI;
			sourceTree = "<group>";
		};
		95AE99A72FF3A4E200A784D9 /* cursorAITests */ = {
			isa = PBXFileSystemSynchronizedRootGroup;
			path = cursorAITests;
			sourceTree = "<group>";
		};
		95AE99B12FF3A4E200A784D9 /* cursorAIUITests */ = {
			isa = PBXFileSystemSynchronizedRootGroup;
			path = cursorAIUITests;
			sourceTree = "<group>";
		};
/* End PBXFileSystemSynchronizedRootGroup section */

/* Begin PBXFrameworksBuildPhase section */
		95AE99942FF3A4E000A784D9 /* Frameworks */ = {
			isa = PBXFrameworksBuildPhase;
			buildActionMask = 2147483647;
			files = (
			);
			runOnlyForDeploymentPostprocessing = 0;
		};
		95AE99A12FF3A4E200A784D9 /* Frameworks */ = {
			isa = PBXFrameworksBuildPhase;
			buildActionMask = 2147483647;
			files = (
			);
			runOnlyForDeploymentPostprocessing = 0;
		};
		95AE99AB2FF3A4E200A784D9 /* Frameworks */ = {
			isa = PBXFrameworksBuildPhase;
			buildActionMask = 2147483647;
			files = (
			);
			runOnlyForDeploymentPostprocessing = 0;
		};
/* End PBXFrameworksBuildPhase section */

/* Begin PBXGroup section */
		95AE998E2FF3A4E000A784D9 = {
			isa = PBXGroup;
			children = (
				95AE99C12FF3A4EC00A784D9 /* project.md */,
				95AE99992FF3A4E100A784D9 /* cursorAI */,
				95AE99A72FF3A4E200A784D9 /* cursorAITests */,
				95AE99B12FF3A4E200A784D9 /* cursorAIUITests */,
				95AE99982FF3A4E000A784D9 /* Products */,
			);
			sourceTree = "<group>";
		};
		95AE99982FF3A4E000A784D9 /* Products */ = {
			isa = PBXGroup;
			children = (
				95AE99972FF3A4E000A784D9 /* cursorAI.app */,
				95AE99A42FF3A4E200A784D9 /* cursorAITests.xctest */,
				95AE99AE2FF3A4E200A784D9 /* cursorAIUITests.xctest */,
			);
			name = Products;
			sourceTree = "<group>";
		};
/* End PBXGroup section */

/* Begin PBXNativeTarget section */
		95AE99962FF3A4E000A784D9 /* cursorAI */ = {
			isa = PBXNativeTarget;
			buildConfigurationList = 95AE99B82FF3A4E200A784D9 /* Build configuration list for PBXNativeTarget "cursorAI" */;
			buildPhases = (
				95AE99932FF3A4E000A784D9 /* Sources */,
				95AE99942FF3A4E000A784D9 /* Frameworks */,
				95AE99952FF3A4E000A784D9 /* Resources */,
			);
			buildRules = (
			);
			dependencies = (
			);
			fileSystemSynchronizedGroups = (
				95AE99992FF3A4E100A784D9 /* cursorAI */,
			);
			name = cursorAI;
			packageProductDependencies = (
			);
			productName = cursorAI;
			productReference = 95AE99972FF3A4E000A784D9 /* cursorAI.app */;
			productType = "com.apple.product-type.application";
		};
		95AE99A32FF3A4E200A784D9 /* cursorAITests */ = {
			isa = PBXNativeTarget;
			buildConfigurationList = 95AE99BB2FF3A4E200A784D9 /* Build configuration list for PBXNativeTarget "cursorAITests" */;
			buildPhases = (
				95AE99A02FF3A4E200A784D9 /* Sources */,
				95AE99A12FF3A4E200A784D9 /* Frameworks */,
				95AE99A22FF3A4E200A784D9 /* Resources */,
			);
			buildRules = (
			);
			dependencies = (
				95AE99A62FF3A4E200A784D9 /* PBXTargetDependency */,
			);
			fileSystemSynchronizedGroups = (
				95AE99A72FF3A4E200A784D9 /* cursorAITests */,
			);
			name = cursorAITests;
			packageProductDependencies = (
			);
			productName = cursorAITests;
			productReference = 95AE99A42FF3A4E200A784D9 /* cursorAITests.xctest */;
			productType = "com.apple.product-type.bundle.unit-test";
		};
		95AE99AD2FF3A4E200A784D9 /* cursorAIUITests */ = {
			isa = PBXNativeTarget;
			buildConfigurationList = 95AE99BE2FF3A4E200A784D9 /* Build configuration list for PBXNativeTarget "cursorAIUITests" */;
			buildPhases = (
				95AE99AA2FF3A4E200A784D9 /* Sources */,
				95AE99AB2FF3A4E200A784D9 /* Frameworks */,
				95AE99AC2FF3A4E200A784D9 /* Resources */,
			);
			buildRules = (
			);
			dependencies = (
				95AE99B02FF3A4E200A784D9 /* PBXTargetDependency */,
			);
			fileSystemSynchronizedGroups = (
				95AE99B12FF3A4E200A784D9 /* cursorAIUITests */,
			);
			name = cursorAIUITests;
			packageProductDependencies = (
			);
			productName = cursorAIUITests;
			productReference = 95AE99AE2FF3A4E200A784D9 /* cursorAIUITests.xctest */;
			productType = "com.apple.product-type.bundle.ui-testing";
		};
/* End PBXNativeTarget section */

/* Begin PBXProject section */
		95AE998F2FF3A4E000A784D9 /* Project object */ = {
			isa = PBXProject;
			attributes = {
				BuildIndependentTargetsInParallel = 1;
				LastSwiftUpdateCheck = 2640;
				LastUpgradeCheck = 2640;
				TargetAttributes = {
					95AE99962FF3A4E000A784D9 = {
						CreatedOnToolsVersion = 26.4.1;
					};
					95AE99A32FF3A4E200A784D9 = {
						CreatedOnToolsVersion = 26.4.1;
						TestTargetID = 95AE99962FF3A4E000A784D9;
					};
					95AE99AD2FF3A4E200A784D9 = {
						CreatedOnToolsVersion = 26.4.1;
						TestTargetID = 95AE99962FF3A4E000A784D9;
					};
				};
			};
			buildConfigurationList = 95AE99922FF3A4E000A784D9 /* Build configuration list for PBXProject "cursorAI" */;
			developmentRegion = en;
			hasScannedForEncodings = 0;
			knownRegions = (
				en,
				Base,
			);
			mainGroup = 95AE998E2FF3A4E000A784D9;
			minimizedProjectReferenceProxies = 1;
			preferredProjectObjectVersion = 77;
			productRefGroup = 95AE99982FF3A4E000A784D9 /* Products */;
			projectDirPath = "";
			projectRoot = "";
			targets = (
				95AE99962FF3A4E000A784D9 /* cursorAI */,
				95AE99A32FF3A4E200A784D9 /* cursorAITests */,
				95AE99AD2FF3A4E200A784D9 /* cursorAIUITests */,
			);
		};
/* End PBXProject section */

/* Begin PBXResourcesBuildPhase section */
		95AE99952FF3A4E000A784D9 /* Resources */ = {
			isa = PBXResourcesBuildPhase;
			buildActionMask = 2147483647;
			files = (
				95AE99C32FF3A4F500A784D9 /* project.md in Resources */,
			);
			runOnlyForDeploymentPostprocessing = 0;
		};
		95AE99A22FF3A4E200A784D9 /* Resources */ = {
			isa = PBXResourcesBuildPhase;
			buildActionMask = 2147483647;
			files = (
			);
			runOnlyForDeploymentPostprocessing = 0;
		};
		95AE99AC2FF3A4E200A784D9 /* Resources */ = {
			isa = PBXResourcesBuildPhase;
			buildActionMask = 2147483647;
			files = (
			);
			runOnlyForDeploymentPostprocessing = 0;
		};
/* End PBXResourcesBuildPhase section */

/* Begin PBXSourcesBuildPhase section */
		95AE99932FF3A4E000A784D9 /* Sources */ = {
			isa = PBXSourcesBuildPhase;
			buildActionMask = 2147483647;
			files = (
			);
			runOnlyForDeploymentPostprocessing = 0;
		};
		95AE99A02FF3A4E200A784D9 /* Sources */ = {
			isa = PBXSourcesBuildPhase;
			buildActionMask = 2147483647;
			files = (
			);
			runOnlyForDeploymentPostprocessing = 0;
		};
		95AE99AA2FF3A4E200A784D9 /* Sources */ = {
			isa = PBXSourcesBuildPhase;
			buildActionMask = 2147483647;
			files = (
			);
			runOnlyForDeploymentPostprocessing = 0;
		};
/* End PBXSourcesBuildPhase section */

/* Begin PBXTargetDependency section */
		95AE99A62FF3A4E200A784D9 /* PBXTargetDependency */ = {
			isa = PBXTargetDependency;
			target = 95AE99962FF3A4E000A784D9 /* cursorAI */;
			targetProxy = 95AE99A52FF3A4E200A784D9 /* PBXContainerItemProxy */;
		};
		95AE99B02FF3A4E200A784D9 /* PBXTargetDependency */ = {
			isa = PBXTargetDependency;
			target = 95AE99962FF3A4E000A784D9 /* cursorAI */;
			targetProxy = 95AE99AF2FF3A4E200A784D9 /* PBXContainerItemProxy */;
		};
/* End PBXTargetDependency section */

/* Begin XCBuildConfiguration section */
		95AE99B62FF3A4E200A784D9 /* Debug */ = {
			isa = XCBuildConfiguration;
			buildSettings = {
				ALWAYS_SEARCH_USER_PATHS = NO;
				ASSETCATALOG_COMPILER_GENERATE_SWIFT_ASSET_SYMBOL_EXTENSIONS = YES;
				CLANG_ANALYZER_NONNULL = YES;
				CLANG_ANALYZER_NUMBER_OBJECT_CONVERSION = YES_AGGRESSIVE;
				CLANG_CXX_LANGUAGE_STANDARD = "gnu++20";
				CLANG_ENABLE_MODULES = YES;
				CLANG_ENABLE_OBJC_ARC = YES;
				CLANG_ENABLE_OBJC_WEAK = YES;
				CLANG_WARN_BLOCK_CAPTURE_AUTORELEASING = YES;
				CLANG_WARN_BOOL_CONVERSION = YES;
				CLANG_WARN_COMMA = YES;
				CLANG_WARN_CONSTANT_CONVERSION = YES;
				CLANG_WARN_DEPRECATED_OBJC_IMPLEMENTATIONS = YES;
				CLANG_WARN_DIRECT_OBJC_ISA_USAGE = YES_ERROR;
				CLANG_WARN_DOCUMENTATION_COMMENTS = YES;
				CLANG_WARN_EMPTY_BODY = YES;
				CLANG_WARN_ENUM_CONVERSION = YES;
				CLANG_WARN_INFINITE_RECURSION = YES;
				CLANG_WARN_INT_CONVERSION = YES;
				CLANG_WARN_NON_LITERAL_NULL_CONVERSION = YES;
				CLANG_WARN_OBJC_IMPLICIT_RETAIN_SELF = YES;
				CLANG_WARN_OBJC_LITERAL_CONVERSION = YES;
				CLANG_WARN_OBJC_ROOT_CLASS = YES_ERROR;
				CLANG_WARN_QUOTED_INCLUDE_IN_FRAMEWORK_HEADER = YES;
				CLANG_WARN_RANGE_LOOP_ANALYSIS = YES;
				CLANG_WARN_STRICT_PROTOTYPES = YES;
				CLANG_WARN_SUSPICIOUS_MOVE = YES;
				CLANG_WARN_UNGUARDED_AVAILABILITY = YES_AGGRESSIVE;
				CLANG_WARN_UNREACHABLE_CODE = YES;
				CLANG_WARN__DUPLICATE_METHOD_MATCH = YES;
				COPY_PHASE_STRIP = NO;
				DEBUG_INFORMATION_FORMAT = dwarf;
				DEVELOPMENT_TEAM = T9HUQXLFQ3;
				ENABLE_STRICT_OBJC_MSGSEND = YES;
				ENABLE_TESTABILITY = YES;
				ENABLE_USER_SCRIPT_SANDBOXING = YES;
				GCC_C_LANGUAGE_STANDARD = gnu17;
				GCC_DYNAMIC_NO_PIC = NO;
				GCC_NO_COMMON_BLOCKS = YES;
				GCC_OPTIMIZATION_LEVEL = 0;
				GCC_PREPROCESSOR_DEFINITIONS = (
					"DEBUG=1",
					"$(inherited)",
				);
				GCC_WARN_64_TO_32_BIT_CONVERSION = YES;
				GCC_WARN_ABOUT_RETURN_TYPE = YES_ERROR;
				GCC_WARN_UNDECLARED_SELECTOR = YES;
				GCC_WARN_UNINITIALIZED_AUTOS = YES_AGGRESSIVE;
				GCC_WARN_UNUSED_FUNCTION = YES;
				GCC_WARN_UNUSED_VARIABLE = YES;
				LOCALIZATION_PREFERS_STRING_CATALOGS = YES;
				MACOSX_DEPLOYMENT_TARGET = 26.4;
				MTL_ENABLE_DEBUG_INFO = INCLUDE_SOURCE;
				MTL_FAST_MATH = YES;
				ONLY_ACTIVE_ARCH = YES;
				SDKROOT = macosx;
				SWIFT_ACTIVE_COMPILATION_CONDITIONS = "DEBUG $(inherited)";
				SWIFT_OPTIMIZATION_LEVEL = "-Onone";
			};
			name = Debug;
		};
		95AE99B72FF3A4E200A784D9 /* Release */ = {
			isa = XCBuildConfiguration;
			buildSettings = {
				ALWAYS_SEARCH_USER_PATHS = NO;
				ASSETCATALOG_COMPILER_GENERATE_SWIFT_ASSET_SYMBOL_EXTENSIONS = YES;
				CLANG_ANALYZER_NONNULL = YES;
				CLANG_ANALYZER_NUMBER_OBJECT_CONVERSION = YES_AGGRESSIVE;
				CLANG_CXX_LANGUAGE_STANDARD = "gnu++20";
				CLANG_ENABLE_MODULES = YES;
				CLANG_ENABLE_OBJC_ARC = YES;
				CLANG_ENABLE_OBJC_WEAK = YES;
				CLANG_WARN_BLOCK_CAPTURE_AUTORELEASING = YES;
				CLANG_WARN_BOOL_CONVERSION = YES;
				CLANG_WARN_COMMA = YES;
				CLANG_WARN_CONSTANT_CONVERSION = YES;
				CLANG_WARN_DEPRECATED_OBJC_IMPLEMENTATIONS = YES;
				CLANG_WARN_DIRECT_OBJC_ISA_USAGE = YES_ERROR;
				CLANG_WARN_DOCUMENTATION_COMMENTS = YES;
				CLANG_WARN_EMPTY_BODY = YES;
				CLANG_WARN_ENUM_CONVERSION = YES;
				CLANG_WARN_INFINITE_RECURSION = YES;
				CLANG_WARN_INT_CONVERSION = YES;
				CLANG_WARN_NON_LITERAL_NULL_CONVERSION = YES;
				CLANG_WARN_OBJC_IMPLICIT_RETAIN_SELF = YES;
				CLANG_WARN_OBJC_LITERAL_CONVERSION = YES;
				CLANG_WARN_OBJC_ROOT_CLASS = YES_ERROR;
				CLANG_WARN_QUOTED_INCLUDE_IN_FRAMEWORK_HEADER = YES;
				CLANG_WARN_RANGE_LOOP_ANALYSIS = YES;
				CLANG_WARN_STRICT_PROTOTYPES = YES;
				CLANG_WARN_SUSPICIOUS_MOVE = YES;
				CLANG_WARN_UNGUARDED_AVAILABILITY = YES_AGGRESSIVE;
				CLANG_WARN_UNREACHABLE_CODE = YES;
				CLANG_WARN__DUPLICATE_METHOD_MATCH = YES;
				COPY_PHASE_STRIP = NO;
				DEBUG_INFORMATION_FORMAT = "dwarf-with-dsym";
				DEVELOPMENT_TEAM = T9HUQXLFQ3;
				ENABLE_NS_ASSERTIONS = NO;
				ENABLE_STRICT_OBJC_MSGSEND = YES;
				ENABLE_USER_SCRIPT_SANDBOXING = YES;
				GCC_C_LANGUAGE_STANDARD = gnu17;
				GCC_NO_COMMON_BLOCKS = YES;
				GCC_WARN_64_TO_32_BIT_CONVERSION = YES;
				GCC_WARN_ABOUT_RETURN_TYPE = YES_ERROR;
				GCC_WARN_UNDECLARED_SELECTOR = YES;
				GCC_WARN_UNINITIALIZED_AUTOS = YES_AGGRESSIVE;
				GCC_WARN_UNUSED_FUNCTION = YES;
				GCC_WARN_UNUSED_VARIABLE = YES;
				LOCALIZATION_PREFERS_STRING_CATALOGS = YES;
				MACOSX_DEPLOYMENT_TARGET = 26.4;
				MTL_ENABLE_DEBUG_INFO = NO;
				MTL_FAST_MATH = YES;
				SDKROOT = macosx;
				SWIFT_COMPILATION_MODE = wholemodule;
			};
			name = Release;
		};
		95AE99B92FF3A4E200A784D9 /* Debug */ = {
			isa = XCBuildConfiguration;
			buildSettings = {
				ASSETCATALOG_COMPILER_APPICON_NAME = AppIcon;
				ASSETCATALOG_COMPILER_GLOBAL_ACCENT_COLOR_NAME = AccentColor;
				CODE_SIGN_STYLE = Automatic;
				COMBINE_HIDPI_IMAGES = YES;
				CURRENT_PROJECT_VERSION = 1;
				DEVELOPMENT_TEAM = T9HUQXLFQ3;
				ENABLE_APP_SANDBOX = YES;
				ENABLE_HARDENED_RUNTIME = YES;
				ENABLE_OUTGOING_NETWORK_CONNECTIONS = YES;
				ENABLE_PREVIEWS = YES;
				ENABLE_USER_SELECTED_FILES = readonly;
				GENERATE_INFOPLIST_FILE = YES;
				INFOPLIST_KEY_CFBundleDisplayName = "Cursor Assistant";
				INFOPLIST_KEY_NSHumanReadableCopyright = "";
				LD_RUNPATH_SEARCH_PATHS = (
					"$(inherited)",
					"@executable_path/../Frameworks",
				);
				MARKETING_VERSION = 1.0;
				PRODUCT_BUNDLE_IDENTIFIER = "yg-Kovalev.cursorAI";
				PRODUCT_NAME = "Cursor Assistant";
				REGISTER_APP_GROUPS = YES;
				STRING_CATALOG_GENERATE_SYMBOLS = YES;
				SWIFT_APPROACHABLE_CONCURRENCY = YES;
				SWIFT_DEFAULT_ACTOR_ISOLATION = MainActor;
				SWIFT_EMIT_LOC_STRINGS = YES;
				SWIFT_UPCOMING_FEATURE_MEMBER_IMPORT_VISIBILITY = YES;
				SWIFT_VERSION = 6.0;
			};
			name = Debug;
		};
		95AE99BA2FF3A4E200A784D9 /* Release */ = {
			isa = XCBuildConfiguration;
			buildSettings = {
				ASSETCATALOG_COMPILER_APPICON_NAME = AppIcon;
				ASSETCATALOG_COMPILER_GLOBAL_ACCENT_COLOR_NAME = AccentColor;
				CODE_SIGN_STYLE = Automatic;
				COMBINE_HIDPI_IMAGES = YES;
				CURRENT_PROJECT_VERSION = 1;
				DEVELOPMENT_TEAM = T9HUQXLFQ3;
				ENABLE_APP_SANDBOX = YES;
				ENABLE_HARDENED_RUNTIME = YES;
				ENABLE_OUTGOING_NETWORK_CONNECTIONS = YES;
				ENABLE_PREVIEWS = YES;
				ENABLE_USER_SELECTED_FILES = readonly;
				GENERATE_INFOPLIST_FILE = YES;
				INFOPLIST_KEY_CFBundleDisplayName = "Cursor Assistant";
				INFOPLIST_KEY_NSHumanReadableCopyright = "";
				LD_RUNPATH_SEARCH_PATHS = (
					"$(inherited)",
					"@executable_path/../Frameworks",
				);
				MARKETING_VERSION = 1.0;
				PRODUCT_BUNDLE_IDENTIFIER = "yg-Kovalev.cursorAI";
				PRODUCT_NAME = "Cursor Assistant";
				REGISTER_APP_GROUPS = YES;
				STRING_CATALOG_GENERATE_SYMBOLS = YES;
				SWIFT_APPROACHABLE_CONCURRENCY = YES;
				SWIFT_DEFAULT_ACTOR_ISOLATION = MainActor;
				SWIFT_EMIT_LOC_STRINGS = YES;
				SWIFT_UPCOMING_FEATURE_MEMBER_IMPORT_VISIBILITY = YES;
				SWIFT_VERSION = 6.0;
			};
			name = Release;
		};
		95AE99BC2FF3A4E200A784D9 /* Debug */ = {
			isa = XCBuildConfiguration;
			buildSettings = {
				BUNDLE_LOADER = "$(TEST_HOST)";
				CODE_SIGN_STYLE = Automatic;
				CURRENT_PROJECT_VERSION = 1;
				DEVELOPMENT_TEAM = T9HUQXLFQ3;
				GENERATE_INFOPLIST_FILE = YES;
				MACOSX_DEPLOYMENT_TARGET = 26.4;
				MARKETING_VERSION = 1.0;
				PRODUCT_BUNDLE_IDENTIFIER = "yg-Kovalev.cursorAITests";
				PRODUCT_NAME = "$(TARGET_NAME)";
				STRING_CATALOG_GENERATE_SYMBOLS = NO;
				SWIFT_APPROACHABLE_CONCURRENCY = YES;
				SWIFT_EMIT_LOC_STRINGS = NO;
				SWIFT_UPCOMING_FEATURE_MEMBER_IMPORT_VISIBILITY = YES;
				SWIFT_VERSION = 6.0;
				TEST_HOST = "$(BUILT_PRODUCTS_DIR)/cursorAI.app/$(BUNDLE_EXECUTABLE_FOLDER_PATH)/cursorAI";
			};
			name = Debug;
		};
		95AE99BD2FF3A4E200A784D9 /* Release */ = {
			isa = XCBuildConfiguration;
			buildSettings = {
				BUNDLE_LOADER = "$(TEST_HOST)";
				CODE_SIGN_STYLE = Automatic;
				CURRENT_PROJECT_VERSION = 1;
				DEVELOPMENT_TEAM = T9HUQXLFQ3;
				GENERATE_INFOPLIST_FILE = YES;
				MACOSX_DEPLOYMENT_TARGET = 26.4;
				MARKETING_VERSION = 1.0;
				PRODUCT_BUNDLE_IDENTIFIER = "yg-Kovalev.cursorAITests";
				PRODUCT_NAME = "$(TARGET_NAME)";
				STRING_CATALOG_GENERATE_SYMBOLS = NO;
				SWIFT_APPROACHABLE_CONCURRENCY = YES;
				SWIFT_EMIT_LOC_STRINGS = NO;
				SWIFT_UPCOMING_FEATURE_MEMBER_IMPORT_VISIBILITY = YES;
				SWIFT_VERSION = 6.0;
				TEST_HOST = "$(BUILT_PRODUCTS_DIR)/cursorAI.app/$(BUNDLE_EXECUTABLE_FOLDER_PATH)/cursorAI";
			};
			name = Release;
		};
		95AE99BF2FF3A4E200A784D9 /* Debug */ = {
			isa = XCBuildConfiguration;
			buildSettings = {
				CODE_SIGN_STYLE = Automatic;
				CURRENT_PROJECT_VERSION = 1;
				DEVELOPMENT_TEAM = T9HUQXLFQ3;
				GENERATE_INFOPLIST_FILE = YES;
				MARKETING_VERSION = 1.0;
				PRODUCT_BUNDLE_IDENTIFIER = "yg-Kovalev.cursorAIUITests";
				PRODUCT_NAME = "$(TARGET_NAME)";
				STRING_CATALOG_GENERATE_SYMBOLS = NO;
				SWIFT_APPROACHABLE_CONCURRENCY = YES;
				SWIFT_EMIT_LOC_STRINGS = NO;
				SWIFT_UPCOMING_FEATURE_MEMBER_IMPORT_VISIBILITY = YES;
				SWIFT_VERSION = 6.0;
				TEST_TARGET_NAME = cursorAI;
			};
			name = Debug;
		};
		95AE99C02FF3A4E200A784D9 /* Release */ = {
			isa = XCBuildConfiguration;
			buildSettings = {
				CODE_SIGN_STYLE = Automatic;
				CURRENT_PROJECT_VERSION = 1;
				DEVELOPMENT_TEAM = T9HUQXLFQ3;
				GENERATE_INFOPLIST_FILE = YES;
				MARKETING_VERSION = 1.0;
				PRODUCT_BUNDLE_IDENTIFIER = "yg-Kovalev.cursorAIUITests";
				PRODUCT_NAME = "$(TARGET_NAME)";
				STRING_CATALOG_GENERATE_SYMBOLS = NO;
				SWIFT_APPROACHABLE_CONCURRENCY = YES;
				SWIFT_EMIT_LOC_STRINGS = NO;
				SWIFT_UPCOMING_FEATURE_MEMBER_IMPORT_VISIBILITY = YES;
				SWIFT_VERSION = 6.0;
				TEST_TARGET_NAME = cursorAI;
			};
			name = Release;
		};
/* End XCBuildConfiguration section */

/* Begin XCConfigurationList section */
		95AE99922FF3A4E000A784D9 /* Build configuration list for PBXProject "cursorAI" */ = {
			isa = XCConfigurationList;
			buildConfigurations = (
				95AE99B62FF3A4E200A784D9 /* Debug */,
				95AE99B72FF3A4E200A784D9 /* Release */,
			);
			defaultConfigurationIsVisible = 0;
			defaultConfigurationName = Release;
		};
		95AE99B82FF3A4E200A784D9 /* Build configuration list for PBXNativeTarget "cursorAI" */ = {
			isa = XCConfigurationList;
			buildConfigurations = (
				95AE99B92FF3A4E200A784D9 /* Debug */,
				95AE99BA2FF3A4E200A784D9 /* Release */,
			);
			defaultConfigurationIsVisible = 0;
			defaultConfigurationName = Release;
		};
		95AE99BB2FF3A4E200A784D9 /* Build configuration list for PBXNativeTarget "cursorAITests" */ = {
			isa = XCConfigurationList;
			buildConfigurations = (
				95AE99BC2FF3A4E200A784D9 /* Debug */,
				95AE99BD2FF3A4E200A784D9 /* Release */,
			);
			defaultConfigurationIsVisible = 0;
			defaultConfigurationName = Release;
		};
		95AE99BE2FF3A4E200A784D9 /* Build configuration list for PBXNativeTarget "cursorAIUITests" */ = {
			isa = XCConfigurationList;
			buildConfigurations = (
				95AE99BF2FF3A4E200A784D9 /* Debug */,
				95AE99C02FF3A4E200A784D9 /* Release */,
			);
			defaultConfigurationIsVisible = 0;
			defaultConfigurationName = Release;
		};
/* End XCConfigurationList section */
	};
	rootObject = 95AE998F2FF3A4E000A784D9 /* Project object */;
}
